
Microsoft Visual Studio Solution File, Format Version 12.00
# Visual Studio 15
VisualStudioVersion = 15.0.28307.168
MinimumVisualStudioVersion = 10.0.40219.1
Project("{FAE04EC0-301F-11D3-BF4B-00C04F79EFBC}") = "Pictionnary", "Pictionnary\Pictionnary.csproj", "{F9945CFD-F5DE-4F79-9E03-9AAB7B51A1AD}"
EndProject
Project("{FAE04EC0-301F-11D3-BF4B-00C04F79EFBC}") = "ServeurPictionary", "ServeurPictionary\ServeurPictionary.csproj", "{11471632-D90D-439F-8F4B-D4C607AB148C}"
EndProject
Global
	GlobalSection(SolutionConfigurationPlatforms) = preSolution
		Debug|Any CPU = Debug|Any CPU
		Release|Any CPU = Release|Any CPU
	EndGlobalSection
	GlobalSection(ProjectConfigurationPlatforms) = postSolution
		{F9945CFD-F5DE-4F79-9E03-9AAB7B51A1AD}.Debug|Any CPU.ActiveCfg = Debug|Any CPU
		{F9945CFD-F5DE-4F79-9E03-9AAB7B51A1AD}.Debug|Any CPU.Build.0 = Debug|Any CPU
		{F9945CFD-F5DE-4F79-9E03-9AAB7B51A1AD}.Release|Any CPU.ActiveCfg = Release|Any CPU
		{F9945CFD-F5DE-4F79-9E03-9AAB7B51A1AD}.Release|Any CPU.Build.0 = Release|Any CPU
		{11471632-D90D-439F-8F4B-D4C607AB148C}.Debug|Any CPU.ActiveCfg = Debug|Any CPU
		{11471632-D90D-439F-8F4B-D4C607AB148C}.Debug|Any CPU.Build.0 = Debug|Any CPU
		{11471632-D90D-439F-8F4B-D4C607AB148C}.Release|Any CPU.ActiveCfg = Release|Any CPU
		{11471632-D90D-439F-8F4B-D4C607AB148C}.Release|Any CPU.Build.0 = Release|Any CPU
	EndGlobalSection
	GlobalSection(SolutionProperties) = preSolution
		HideSolutionNode = FALSE
	EndGlobalSection
	GlobalSection(ExtensibilityGlobals) = postSolution
		SolutionGuid = {DB129E11-C4FC-42BB-8B29-14BC7B166AED}
	EndGlobalSection
EndGlobal
